
Microsoft Visual Studio Solution File, Format Version 12.00
# Visual Studio Version 17
VisualStudioVersion = 17.14.36221.1 d17.14
MinimumVisualStudioVersion = 10.0.40219.1
Project("{FAE04EC0-301F-11D3-BF4B-00C04F79EFBC}") = "StudentSystem", "StudentSystem\StudentSystem.csproj", "{29B74890-E8B7-4735-B31A-6CC4E093C431}"
EndProject
Project("{FAE04EC0-301F-11D3-BF4B-00C04F79EFBC}") = "SalesSystem", "SalesSystem\SalesSystem.csproj", "{86D4AEBD-AF6C-4AA1-A20F-EF6F09159C9D}"
EndProject
Global
	GlobalSection(SolutionConfigurationPlatforms) = preSolution
		Debug|Any CPU = Debug|Any CPU
		Release|Any CPU = Release|Any CPU
	EndGlobalSection
	GlobalSection(ProjectConfigurationPlatforms) = postSolution
		{29B74890-E8B7-4735-B31A-6CC4E093C431}.Debug|Any CPU.ActiveCfg = Debug|Any CPU
		{29B74890-E8B7-4735-B31A-6CC4E093C431}.Debug|Any CPU.Build.0 = Debug|Any CPU
		{29B74890-E8B7-4735-B31A-6CC4E093C431}.Release|Any CPU.ActiveCfg = Release|Any CPU
		{29B74890-E8B7-4735-B31A-6CC4E093C431}.Release|Any CPU.Build.0 = Release|Any CPU
		{86D4AEBD-AF6C-4AA1-A20F-EF6F09159C9D}.Debug|Any CPU.ActiveCfg = Debug|Any CPU
		{86D4AEBD-AF6C-4AA1-A20F-EF6F09159C9D}.Debug|Any CPU.Build.0 = Debug|Any CPU
		{86D4AEBD-AF6C-4AA1-A20F-EF6F09159C9D}.Release|Any CPU.ActiveCfg = Release|Any CPU
		{86D4AEBD-AF6C-4AA1-A20F-EF6F09159C9D}.Release|Any CPU.Build.0 = Release|Any CPU
	EndGlobalSection
	GlobalSection(SolutionProperties) = preSolution
		HideSolutionNode = FALSE
	EndGlobalSection
	GlobalSection(ExtensibilityGlobals) = postSolution
		SolutionGuid = {89CEC613-D475-44E7-9214-DDC0EBFA3EB6}
	EndGlobalSection
EndGlobal
